
Microsoft Visual Studio Solution File, Format Version 12.00
# Visual Studio Version 17
VisualStudioVersion = 17.1.32210.238
MinimumVisualStudioVersion = 10.0.40219.1
Project("{FAE04EC0-301F-11D3-BF4B-00C04F79EFBC}") = "ASP.NetCoreLearn_WebApp", "ASP.NetCoreLearn_WebApp\ASP.NetCoreLearn_WebApp.csproj", "{EFEB8690-89F7-4E99-B138-EB4D80C76FBC}"
EndProject
Global
	GlobalSection(SolutionConfigurationPlatforms) = preSolution
		Debug|Any CPU = Debug|Any CPU
		Release|Any CPU = Release|Any CPU
	EndGlobalSection
	GlobalSection(ProjectConfigurationPlatforms) = postSolution
		{EFEB8690-89F7-4E99-B138-EB4D80C76FBC}.Debug|Any CPU.ActiveCfg = Debug|Any CPU
		{EFEB8690-89F7-4E99-B138-EB4D80C76FBC}.Debug|Any CPU.Build.0 = Debug|Any CPU
		{EFEB8690-89F7-4E99-B138-EB4D80C76FBC}.Release|Any CPU.ActiveCfg = Release|Any CPU
		{EFEB8690-89F7-4E99-B138-EB4D80C76FBC}.Release|Any CPU.Build.0 = Release|Any CPU
	EndGlobalSection
	GlobalSection(SolutionProperties) = preSolution
		HideSolutionNode = FALSE
	EndGlobalSection
	GlobalSection(ExtensibilityGlobals) = postSolution
		SolutionGuid = {06D2FDC6-635B-47D5-AD09-180772115988}
	EndGlobalSection
EndGlobal
